
Microsoft Visual Studio Solution File, Format Version 12.00
# Visual Studio 15
VisualStudioVersion = 15.0.26730.12
MinimumVisualStudioVersion = 10.0.40219.1
Project("{2150E333-8FDC-42A3-9474-1A3956D46DE8}") = "RandomNumberQuestion", "RandomNumberQuestion", "{B9C6EA8C-6B89-4DEA-8B46-71AFF294EA74}"
EndProject
Project("{2150E333-8FDC-42A3-9474-1A3956D46DE8}") = "StringReversalQuestion", "StringReversalQuestion", "{821BF240-880B-403A-BA1A-7C599295BB83}"
EndProject
Project("{2150E333-8FDC-42A3-9474-1A3956D46DE8}") = "PalindromeQuestion", "PalindromeQuestion", "{A15F6B12-271D-4375-8608-4437AE82536A}"
EndProject
Project("{2150E333-8FDC-42A3-9474-1A3956D46DE8}") = "CodeReviewQuestion", "CodeReviewQuestion", "{D4C7FBCA-1FDF-427A-BA2E-F19AECC424A4}"
EndProject
Project("{9A19103F-16F7-4668-BE54-9A1E7A4F7556}") = "Palindrome", "PalindromeQuestion\Palindrome\Palindrome.csproj", "{8D603658-7E8A-4566-9D45-2A8DF855652D}"
EndProject
Project("{9A19103F-16F7-4668-BE54-9A1E7A4F7556}") = "Palindrome.Tests", "PalindromeQuestion\Palindrome.Tests\Palindrome.Tests.csproj", "{DC9EF340-ABBE-41BC-9731-84EE0BED1132}"
EndProject
Project("{9A19103F-16F7-4668-BE54-9A1E7A4F7556}") = "StringReversal", "StringReversalQuestion\StringReversal\StringReversal.csproj", "{A1EA5C14-19A5-4562-AD63-BB38E0772813}"
EndProject
Project("{9A19103F-16F7-4668-BE54-9A1E7A4F7556}") = "StringReversal.Tests", "StringReversalQuestion\StringReversal.Tests\StringReversal.Tests.csproj", "{F17CBE8B-6282-41D5-8F77-CB970D549420}"
EndProject
Project("{9A19103F-16F7-4668-BE54-9A1E7A4F7556}") = "CodeReview", "CodeReviewQuestion\CodeReview\CodeReview.csproj", "{5661120F-1B4B-47A8-A1EA-C65AEB185CC6}"
EndProject
Project("{9A19103F-16F7-4668-BE54-9A1E7A4F7556}") = "CodeReview.Tests", "CodeReviewQuestion\CodeReview.Tests\CodeReview.Tests.csproj", "{50EEBF89-24AF-4ED1-A628-228C61C7F45F}"
EndProject
Project("{9A19103F-16F7-4668-BE54-9A1E7A4F7556}") = "RandomNumber.Tests", "RandomNumberQuestion\RandomNumber.Tests\RandomNumber.Tests.csproj", "{8E987869-D83F-47C2-B6FC-8EF3E36FC9A0}"
EndProject
Project("{9A19103F-16F7-4668-BE54-9A1E7A4F7556}") = "RandomNumber", "RandomNumberQuestion\RandomNumber\RandomNumber.csproj", "{50D220B8-720C-4950-BD1F-D44393D4B7EF}"
EndProject
Global
	GlobalSection(SolutionConfigurationPlatforms) = preSolution
		Debug|Any CPU = Debug|Any CPU
		Release|Any CPU = Release|Any CPU
	EndGlobalSection
	GlobalSection(ProjectConfigurationPlatforms) = postSolution
		{8D603658-7E8A-4566-9D45-2A8DF855652D}.Debug|Any CPU.ActiveCfg = Debug|Any CPU
		{8D603658-7E8A-4566-9D45-2A8DF855652D}.Debug|Any CPU.Build.0 = Debug|Any CPU
		{8D603658-7E8A-4566-9D45-2A8DF855652D}.Release|Any CPU.ActiveCfg = Release|Any CPU
		{8D603658-7E8A-4566-9D45-2A8DF855652D}.Release|Any CPU.Build.0 = Release|Any CPU
		{DC9EF340-ABBE-41BC-9731-84EE0BED1132}.Debug|Any CPU.ActiveCfg = Debug|Any CPU
		{DC9EF340-ABBE-41BC-9731-84EE0BED1132}.Debug|Any CPU.Build.0 = Debug|Any CPU
		{DC9EF340-ABBE-41BC-9731-84EE0BED1132}.Release|Any CPU.ActiveCfg = Release|Any CPU
		{DC9EF340-ABBE-41BC-9731-84EE0BED1132}.Release|Any CPU.Build.0 = Release|Any CPU
		{A1EA5C14-19A5-4562-AD63-BB38E0772813}.Debug|Any CPU.ActiveCfg = Debug|Any CPU
		{A1EA5C14-19A5-4562-AD63-BB38E0772813}.Debug|Any CPU.Build.0 = Debug|Any CPU
		{A1EA5C14-19A5-4562-AD63-BB38E0772813}.Release|Any CPU.ActiveCfg = Release|Any CPU
		{A1EA5C14-19A5-4562-AD63-BB38E0772813}.Release|Any CPU.Build.0 = Release|Any CPU
		{F17CBE8B-6282-41D5-8F77-CB970D549420}.Debug|Any CPU.ActiveCfg = Debug|Any CPU
		{F17CBE8B-6282-41D5-8F77-CB970D549420}.Debug|Any CPU.Build.0 = Debug|Any CPU
		{F17CBE8B-6282-41D5-8F77-CB970D549420}.Release|Any CPU.ActiveCfg = Release|Any CPU
		{F17CBE8B-6282-41D5-8F77-CB970D549420}.Release|Any CPU.Build.0 = Release|Any CPU
		{5661120F-1B4B-47A8-A1EA-C65AEB185CC6}.Debug|Any CPU.ActiveCfg = Debug|Any CPU
		{5661120F-1B4B-47A8-A1EA-C65AEB185CC6}.Debug|Any CPU.Build.0 = Debug|Any CPU
		{5661120F-1B4B-47A8-A1EA-C65AEB185CC6}.Release|Any CPU.ActiveCfg = Release|Any CPU
		{5661120F-1B4B-47A8-A1EA-C65AEB185CC6}.Release|Any CPU.Build.0 = Release|Any CPU
		{50EEBF89-24AF-4ED1-A628-228C61C7F45F}.Debug|Any CPU.ActiveCfg = Debug|Any CPU
		{50EEBF89-24AF-4ED1-A628-228C61C7F45F}.Debug|Any CPU.Build.0 = Debug|Any CPU
		{50EEBF89-24AF-4ED1-A628-228C61C7F45F}.Release|Any CPU.ActiveCfg = Release|Any CPU
		{50EEBF89-24AF-4ED1-A628-228C61C7F45F}.Release|Any CPU.Build.0 = Release|Any CPU
		{8E987869-D83F-47C2-B6FC-8EF3E36FC9A0}.Debug|Any CPU.ActiveCfg = Debug|Any CPU
		{8E987869-D83F-47C2-B6FC-8EF3E36FC9A0}.Debug|Any CPU.Build.0 = Debug|Any CPU
		{8E987869-D83F-47C2-B6FC-8EF3E36FC9A0}.Release|Any CPU.ActiveCfg = Release|Any CPU
		{8E987869-D83F-47C2-B6FC-8EF3E36FC9A0}.Release|Any CPU.Build.0 = Release|Any CPU
		{50D220B8-720C-4950-BD1F-D44393D4B7EF}.Debug|Any CPU.ActiveCfg = Debug|Any CPU
		{50D220B8-720C-4950-BD1F-D44393D4B7EF}.Debug|Any CPU.Build.0 = Debug|Any CPU
		{50D220B8-720C-4950-BD1F-D44393D4B7EF}.Release|Any CPU.ActiveCfg = Release|Any CPU
		{50D220B8-720C-4950-BD1F-D44393D4B7EF}.Release|Any CPU.Build.0 = Release|Any CPU
	EndGlobalSection
	GlobalSection(SolutionProperties) = preSolution
		HideSolutionNode = FALSE
	EndGlobalSection
	GlobalSection(NestedProjects) = preSolution
		{8D603658-7E8A-4566-9D45-2A8DF855652D} = {A15F6B12-271D-4375-8608-4437AE82536A}
		{DC9EF340-ABBE-41BC-9731-84EE0BED1132} = {A15F6B12-271D-4375-8608-4437AE82536A}
		{A1EA5C14-19A5-4562-AD63-BB38E0772813} = {821BF240-880B-403A-BA1A-7C599295BB83}
		{F17CBE8B-6282-41D5-8F77-CB970D549420} = {821BF240-880B-403A-BA1A-7C599295BB83}
		{5661120F-1B4B-47A8-A1EA-C65AEB185CC6} = {D4C7FBCA-1FDF-427A-BA2E-F19AECC424A4}
		{50EEBF89-24AF-4ED1-A628-228C61C7F45F} = {D4C7FBCA-1FDF-427A-BA2E-F19AECC424A4}
		{8E987869-D83F-47C2-B6FC-8EF3E36FC9A0} = {B9C6EA8C-6B89-4DEA-8B46-71AFF294EA74}
		{50D220B8-720C-4950-BD1F-D44393D4B7EF} = {B9C6EA8C-6B89-4DEA-8B46-71AFF294EA74}
	EndGlobalSection
	GlobalSection(ExtensibilityGlobals) = postSolution
		SolutionGuid = {53689279-A078-4F95-BECB-276C3384329A}
	EndGlobalSection
EndGlobal
